// !$*UTF8*$!
{
	archiveVersion = 1;
	classes = {
	};
	objectVersion = 46;
	objects = {

/* Begin PBXBuildFile section */
		188D699B1A05282F00EBBABE /* main.m in Sources */ = {isa = PBXBuildFile; fileRef = 188D699A1A05282F00EBBABE /* main.m */; };
		188D699E1A05282F00EBBABE /* AppDelegate.m in Sources */ = {isa = PBXBuildFile; fileRef = 188D699D1A05282F00EBBABE /* AppDelegate.m */; };
		188D69A11A05282F00EBBABE /* ViewController.m in Sources */ = {isa = PBXBuildFile; fileRef = 188D69A01A05282F00EBBABE /* ViewController.m */; };
		188D69A41A05282F00EBBABE /* Main.storyboard in Resources */ = {isa = PBXBuildFile; fileRef = 188D69A21A05282F00EBBABE /* Main.storyboard */; };
		188D69A61A05282F00EBBABE /* Images.xcassets in Resources */ = {isa = PBXBuildFile; fileRef = 188D69A51A05282F00EBBABE /* Images.xcassets */; };
		188D69A91A05282F00EBBABE /* LaunchScreen.xib in Resources */ = {isa = PBXBuildFile; fileRef = 188D69A71A05282F00EBBABE /* LaunchScreen.xib */; };
		188D69B51A05282F00EBBABE /* demoTests.m in Sources */ = {isa = PBXBuildFile; fileRef = 188D69B41A05282F00EBBABE /* demoTests.m */; };
/* End PBXBuildFile section */

/* Begin PBXContainerItemProxy section */
		188D69AF1A05282F00EBBABE /* PBXContainerItemProxy */ = {
			isa = PBXContainerItemProxy;
			containerPortal = 188D698D1A05282F00EBBABE /* Project object */;
			proxyType = 1;
			remoteGlobalIDString = 188D69941A05282F00EBBABE;
			remoteInfo = demo;
		};
/* End PBXContainerItemProxy section */

/* Begin PBXFileReference section */
		188D69951A05282F00EBBABE /* demo.app */ = {isa = PBXFileReference; explicitFileType = wrapper.application; includeInIndex = 0; path = demo.app; sourceTree = BUILT_PRODUCTS_DIR; };
		188D69991A05282F00EBBABE /* Info.plist */ = {isa = PBXFileReference; lastKnownFileType = text.plist.xml; path = Info.plist; sourceTree = "<group>"; };
		188D699A1A05282F00EBBABE /* main.m */ = {isa = PBXFileReference; lastKnownFileType = sourcecode.c.objc; path = main.m; sourceTree = "<group>"; };
		188D699C1A05282F00EBBABE /* AppDelegate.h */ = {isa = PBXFileReference; lastKnownFileType = sourcecode.c.h; path = AppDelegate.h; sourceTree = "<group>"; };
		188D699D1A05282F00EBBABE /* AppDelegate.m */ = {isa = PBXFileReference; lastKnownFileType = sourcecode.c.objc; path = AppDelegate.m; sourceTree = "<group>"; };
		188D699F1A05282F00EBBABE /* ViewController.h */ = {isa = PBXFileReference; lastKnownFileType = sourcecode.c.h; path = ViewController.h; sourceTree = "<group>"; };
		188D69A01A05282F00EBBABE /* ViewController.m */ = {isa = PBXFileReference; lastKnownFileType = sourcecode.c.objc; path = ViewController.m; sourceTree = "<group>"; };
		188D69A31A05282F00EBBABE /* Base */ = {isa = PBXFileReference; lastKnownFileType = file.storyboard; name = Base; path = Base.lproj/Main.storyboard; sourceTree = "<group>"; };
		188D69A51A05282F00EBBABE /* Images.xcassets */ = {isa = PBXFileReference; lastKnownFileType = folder.assetcatalog; path = Images.xcassets; sourceTree = "<group>"; };
		188D69A81A05282F00EBBABE /* Base */ = {isa = PBXFileReference; lastKnownFileType = file.xib; name = Base; path = Base.lproj/LaunchScreen.xib; sourceTree = "<group>"; };
		188D69AE1A05282F00EBBABE /* demoTests.xctest */ = {isa = PBXFileReference; explicitFileType = wrapper.cfbundle; includeInIndex = 0; path = demoTests.xctest; sourceTree = BUILT_PRODUCTS_DIR; };
		188D69B31A05282F00EBBABE /* Info.plist */ = {isa = PBXFileReference; lastKnownFileType = text.plist.xml; path = Info.plist; sourceTree = "<group>"; };
		188D69B41A05282F00EBBABE /* demoTests.m */ = {isa = PBXFileReference; lastKnownFileType = sourcecode.c.objc; path = demoTests.m; sourceTree = "<group>"; };
/* End PBXFileReference section */

/* Begin PBXFrameworksBuildPhase section */
		188D69921A05282F00EBBABE /* Frameworks */ = {
			isa = PBXFrameworksBuildPhase;
			buildActionMask = 2147483647;
			files = (
			);
			runOnlyForDeploymentPostprocessing = 0;
		};
		188D69AB1A05282F00EBBABE /* Frameworks */ = {
			isa = PBXFrameworksBuildPhase;
			buildActionMask = 2147483647;
			files = (
			);
			runOnlyForDeploymentPostprocessing = 0;
		};
/* End PBXFrameworksBuildPhase section */

/* Begin PBXGroup section */
		188D698C1A05282F00EBBABE = {
			isa = PBXGroup;
			children = (
				188D69971A05282F00EBBABE /* demo */,
				188D69B11A05282F00EBBABE /* demoTests */,
				188D69961A05282F00EBBABE /* Products */,
			);
			sourceTree = "<group>";
		};
		188D69961A05282F00EBBABE /* Products */ = {
			isa = PBXGroup;
			children = (
				188D69951A05282F00EBBABE /* demo.app */,
				188D69AE1A05282F00EBBABE /* demoTests.xctest */,
			);
			name = Products;
			sourceTree = "<group>";
		};
		188D69971A05282F00EBBABE /* demo */ = {
			isa = PBXGroup;
			children = (
				188D699C1A05282F00EBBABE /* AppDelegate.h */,
				188D699D1A05282F00EBBABE /* AppDelegate.m */,
				188D699F1A05282F00EBBABE /* ViewController.h */,
				188D69A01A05282F00EBBABE /* ViewController.m */,
				188D69A21A05282F00EBBABE /* Main.storyboard */,
				188D69A51A05282F00EBBABE /* Images.xcassets */,
				188D69A71A05282F00EBBABE /* LaunchScreen.xib */,
				188D69981A05282F00EBBABE /* Supporting Files */,
			);
			path = demo;
			sourceTree = "<group>";
		};
		188D69981A05282F00EBBABE /* Supporting Files */ = {
			isa = PBXGroup;
			children = (
				188D69991A05282F00EBBABE /* Info.plist */,
				188D699A1A05282F00EBBABE /* main.m */,
			);
			name = "Supporting Files";
			sourceTree = "<group>";
		};
		188D69B11A05282F00EBBABE /* demoTests */ = {
			isa = PBXGroup;
			children = (
				188D69B41A05282F00EBBABE /* demoTests.m */,
				188D69B21A05282F00EBBABE /* Supporting Files */,
			);
			path = demoTests;
			sourceTree = "<group>";
		};
		188D69B21A05282F00EBBABE /* Supporting Files */ = {
			isa = PBXGroup;
			children = (
				188D69B31A05282F00EBBABE /* Info.plist */,
			);
			name = "Supporting Files";
			sourceTree = "<group>";
		};
/* End PBXGroup section */

/* Begin PBXNativeTarget section */
		188D69941A05282F00EBBABE /* demo */ = {
			isa = PBXNativeTarget;
			buildConfigurationList = 188D69B81A05282F00EBBABE /* Build configuration list for PBXNativeTarget "demo" */;
			buildPhases = (
				188D69911A05282F00EBBABE /* Sources */,
				188D69921A05282F00EBBABE /* Frameworks */,
				188D69931A05282F00EBBABE /* Resources */,
			);
			buildRules = (
			);
			dependencies = (
			);
			name = demo;
			productName = demo;
			productReference = 188D69951A05282F00EBBABE /* demo.app */;
			productType = "com.apple.product-type.application";
		};
		188D69AD1A05282F00EBBABE /* demoTests */ = {
			isa = PBXNativeTarget;
			buildConfigurationList = 188D69BB1A05282F00EBBABE /* Build configuration list for PBXNativeTarget "demoTests" */;
			buildPhases = (
				188D69AA1A05282F00EBBABE /* Sources */,
				188D69AB1A05282F00EBBABE /* Frameworks */,
				188D69AC1A05282F00EBBABE /* Resources */,
			);
			buildRules = (
			);
			dependencies = (
				188D69B01A05282F00EBBABE /* PBXTargetDependency */,
			);
			name = demoTests;
			productName = demoTests;
			productReference = 188D69AE1A05282F00EBBABE /* demoTests.xctest */;
			productType = "com.apple.product-type.bundle.unit-test";
		};
/* End PBXNativeTarget section */

/* Begin PBXProject section */
		188D698D1A05282F00EBBABE /* Project object */ = {
			isa = PBXProject;
			attributes = {
				LastUpgradeCheck = 0610;
				ORGANIZATIONNAME = unicorn;
				TargetAttributes = {
					188D69941A05282F00EBBABE = {
						CreatedOnToolsVersion = 6.1;
					};
					188D69AD1A05282F00EBBABE = {
						CreatedOnToolsVersion = 6.1;
						TestTargetID = 188D69941A05282F00EBBABE;
					};
				};
			};
			buildConfigurationList = 188D69901A05282F00EBBABE /* Build configuration list for PBXProject "demo" */;
			compatibilityVersion = "Xcode 3.2";
			developmentRegion = English;
			hasScannedForEncodings = 0;
			knownRegions = (
				en,
				Base,
			);
			mainGroup = 188D698C1A05282F00EBBABE;
			productRefGroup = 188D69961A05282F00EBBABE /* Products */;
			projectDirPath = "";
			projectRoot = "";
			targets = (
				188D69941A05282F00EBBABE /* demo */,
				188D69AD1A05282F00EBBABE /* demoTests */,
			);
		};
/* End PBXProject section */

/* Begin PBXResourcesBuildPhase section */
		188D69931A05282F00EBBABE /* Resources */ = {
			isa = PBXResourcesBuildPhase;
			buildActionMask = 2147483647;
			files = (
				188D69A41A05282F00EBBABE /* Main.storyboard in Resources */,
				188D69A91A05282F00EBBABE /* LaunchScreen.xib in Resources */,
				188D69A61A05282F00EBBABE /* Images.xcassets in Resources */,
			);
			runOnlyForDeploymentPostprocessing = 0;
		};
		188D69AC1A05282F00EBBABE /* Resources */ = {
			isa = PBXResourcesBuildPhase;
			buildActionMask = 2147483647;
			files = (
			);
			runOnlyForDeploymentPostprocessing = 0;
		};
/* End PBXResourcesBuildPhase section */

/* Begin PBXSourcesBuildPhase section */
		188D69911A05282F00EBBABE /* Sources */ = {
			isa = PBXSourcesBuildPhase;
			buildActionMask = 2147483647;
			files = (
				188D69A11A05282F00EBBABE /* ViewController.m in Sources */,
				188D699E1A05282F00EBBABE /* AppDelegate.m in Sources */,
				188D699B1A05282F00EBBABE /* main.m in Sources */,
			);
			runOnlyForDeploymentPostprocessing = 0;
		};
		188D69AA1A05282F00EBBABE /* Sources */ = {
			isa = PBXSourcesBuildPhase;
			buildActionMask = 2147483647;
			files = (
				188D69B51A05282F00EBBABE /* demoTests.m in Sources */,
			);
			runOnlyForDeploymentPostprocessing = 0;
		};
/* End PBXSourcesBuildPhase section */

/* Begin PBXTargetDependency section */
		188D69B01A05282F00EBBABE /* PBXTargetDependency */ = {
			isa = PBXTargetDependency;
			target = 188D69941A05282F00EBBABE /* demo */;
			targetProxy = 188D69AF1A05282F00EBBABE /* PBXContainerItemProxy */;
		};
/* End PBXTargetDependency section */

/* Begin PBXVariantGroup section */
		188D69A21A05282F00EBBABE /* Main.storyboard */ = {
			isa = PBXVariantGroup;
			children = (
				188D69A31A05282F00EBBABE /* Base */,
			);
			name = Main.storyboard;
			sourceTree = "<group>";
		};
		188D69A71A05282F00EBBABE /* LaunchScreen.xib */ = {
			isa = PBXVariantGroup;
			children = (
				188D69A81A05282F00EBBABE /* Base */,
			);
			name = LaunchScreen.xib;
			sourceTree = "<group>";
		};
/* End PBXVariantGroup section */

/* Begin XCBuildConfiguration section */
		188D69B61A05282F00EBBABE /* Debug */ = {
			isa = XCBuildConfiguration;
			buildSettings = {
				ALWAYS_SEARCH_USER_PATHS = NO;
				CLANG_CXX_LANGUAGE_STANDARD = "gnu++0x";
				CLANG_CXX_LIBRARY = "libc++";
				CLANG_ENABLE_MODULES = YES;
				CLANG_ENABLE_OBJC_ARC = YES;
				CLANG_WARN_BOOL_CONVERSION = YES;
				CLANG_WARN_CONSTANT_CONVERSION = YES;
				CLANG_WARN_DIRECT_OBJC_ISA_USAGE = YES_ERROR;
				CLANG_WARN_EMPTY_BODY = YES;
				CLANG_WARN_ENUM_CONVERSION = YES;
				CLANG_WARN_INT_CONVERSION = YES;
				CLANG_WARN_OBJC_ROOT_CLASS = YES_ERROR;
				CLANG_WARN_UNREACHABLE_CODE = YES;
				CLANG_WARN__DUPLICATE_METHOD_MATCH = YES;
				"CODE_SIGN_IDENTITY[sdk=iphoneos*]" = "iPhone Developer";
				COPY_PHASE_STRIP = NO;
				ENABLE_STRICT_OBJC_MSGSEND = YES;
				GCC_C_LANGUAGE_STANDARD = gnu99;
				GCC_DYNAMIC_NO_PIC = NO;
				GCC_OPTIMIZATION_LEVEL = 0;
				GCC_PREPROCESSOR_DEFINITIONS = (
					"DEBUG=1",
					"$(inherited)",
				);
				GCC_SYMBOLS_PRIVATE_EXTERN = NO;
				GCC_WARN_64_TO_32_BIT_CONVERSION = YES;
				GCC_WARN_ABOUT_RETURN_TYPE = YES_ERROR;
				GCC_WARN_UNDECLARED_SELECTOR = YES;
				GCC_WARN_UNINITIALIZED_AUTOS = YES_AGGRESSIVE;
				GCC_WARN_UNUSED_FUNCTION = YES;
				GCC_WARN_UNUSED_VARIABLE = YES;
				IPHONEOS_DEPLOYMENT_TARGET = 8.1;
				MTL_ENABLE_DEBUG_INFO = YES;
				ONLY_ACTIVE_ARCH = YES;
				SDKROOT = iphoneos;
			};
			name = Debug;
		};
		188D69B71A05282F00EBBABE /* Release */ = {
			isa = XCBuildConfiguration;
			buildSettings = {
				ALWAYS_SEARCH_USER_PATHS = NO;
				CLANG_CXX_LANGUAGE_STANDARD = "gnu++0x";
				CLANG_CXX_LIBRARY = "libc++";
				CLANG_ENABLE_MODULES = YES;
				CLANG_ENABLE_OBJC_ARC = YES;
				CLANG_WARN_BOOL_CONVERSION = YES;
				CLANG_WARN_CONSTANT_CONVERSION = YES;
				CLANG_WARN_DIRECT_OBJC_ISA_USAGE = YES_ERROR;
				CLANG_WARN_EMPTY_BODY = YES;
				CLANG_WARN_ENUM_CONVERSION = YES;
				CLANG_WARN_INT_CONVERSION = YES;
				CLANG_WARN_OBJC_ROOT_CLASS = YES_ERROR;
				CLANG_WARN_UNREACHABLE_CODE = YES;
				CLANG_WARN__DUPLICATE_METHOD_MATCH = YES;
				"CODE_SIGN_IDENTITY[sdk=iphoneos*]" = "iPhone Developer";
				COPY_PHASE_STRIP = YES;
				ENABLE_NS_ASSERTIONS = NO;
				ENABLE_STRICT_OBJC_MSGSEND = YES;
				GCC_C_LANGUAGE_STANDARD = gnu99;
				GCC_WARN_64_TO_32_BIT_CONVERSION = YES;
				GCC_WARN_ABOUT_RETURN_TYPE = YES_ERROR;
				GCC_WARN_UNDECLARED_SELECTOR = YES;
				GCC_WARN_UNINITIALIZED_AUTOS = YES_AGGRESSIVE;
				GCC_WARN_UNUSED_FUNCTION = YES;
				GCC_WARN_UNUSED_VARIABLE = YES;
				IPHONEOS_DEPLOYMENT_TARGET = 8.1;
				MTL_ENABLE_DEBUG_INFO = NO;
				SDKROOT = iphoneos;
				VALIDATE_PRODUCT = YES;
			};
			name = Release;
		};
		188D69B91A05282F00EBBABE /* Debug */ = {
			isa = XCBuildConfiguration;
			buildSettings = {
				ASSETCATALOG_COMPILER_APPICON_NAME = AppIcon;
				INFOPLIST_FILE = demo/Info.plist;
				LD_RUNPATH_SEARCH_PATHS = "$(inherited) @executable_path/Frameworks";
				PRODUCT_NAME = "$(TARGET_NAME)";
			};
			name = Debug;
		};
		188D69BA1A05282F00EBBABE /* Release */ = {
			isa = XCBuildConfiguration;
			buildSettings = {
				ASSETCATALOG_COMPILER_APPICON_NAME = AppIcon;
				INFOPLIST_FILE = demo/Info.plist;
				LD_RUNPATH_SEARCH_PATHS = "$(inherited) @executable_path/Frameworks";
				PRODUCT_NAME = "$(TARGET_NAME)";
			};
			name = Release;
		};
		188D69BC1A05282F00EBBABE /* Debug */ = {
			isa = XCBuildConfiguration;
			buildSettings = {
				BUNDLE_LOADER = "$(TEST_HOST)";
				FRAMEWORK_SEARCH_PATHS = (
					"$(SDKROOT)/Developer/Library/Frameworks",
					"$(inherited)",
				);
				GCC_PREPROCESSOR_DEFINITIONS = (
					"DEBUG=1",
					"$(inherited)",
				);
				INFOPLIST_FILE = demoTests/Info.plist;
				LD_RUNPATH_SEARCH_PATHS = "$(inherited) @executable_path/Frameworks @loader_path/Frameworks";
				PRODUCT_NAME = "$(TARGET_NAME)";
				TEST_HOST = "$(BUILT_PRODUCTS_DIR)/demo.app/demo";
			};
			name = Debug;
		};
		188D69BD1A05282F00EBBABE /* Release */ = {
			isa = XCBuildConfiguration;
			buildSettings = {
				BUNDLE_LOADER = "$(TEST_HOST)";
				FRAMEWORK_SEARCH_PATHS = (
					"$(SDKROOT)/Developer/Library/Frameworks",
					"$(inherited)",
				);
				INFOPLIST_FILE = demoTests/Info.plist;
				LD_RUNPATH_SEARCH_PATHS = "$(inherited) @executable_path/Frameworks @loader_path/Frameworks";
				PRODUCT_NAME = "$(TARGET_NAME)";
				TEST_HOST = "$(BUILT_PRODUCTS_DIR)/demo.app/demo";
			};
			name = Release;
		};
/* End XCBuildConfiguration section */

/* Begin XCConfigurationList section */
		188D69901A05282F00EBBABE /* Build configuration list for PBXProject "demo" */ = {
			isa = XCConfigurationList;
			buildConfigurations = (
				188D69B61A05282F00EBBABE /* Debug */,
				188D69B71A05282F00EBBABE /* Release */,
			);
			defaultConfigurationIsVisible = 0;
			defaultConfigurationName = Release;
		};
		188D69B81A05282F00EBBABE /* Build configuration list for PBXNativeTarget "demo" */ = {
			isa = XCConfigurationList;
			buildConfigurations = (
				188D69B91A05282F00EBBABE /* Debug */,
				188D69BA1A05282F00EBBABE /* Release */,
			);
			defaultConfigurationIsVisible = 0;
		};
		188D69BB1A05282F00EBBABE /* Build configuration list for PBXNativeTarget "demoTests" */ = {
			isa = XCConfigurationList;
			buildConfigurations = (
				188D69BC1A05282F00EBBABE /* Debug */,
				188D69BD1A05282F00EBBABE /* Release */,
			);
			defaultConfigurationIsVisible = 0;
		};
/* End XCConfigurationList section */
	};
	rootObject = 188D698D1A05282F00EBBABE /* Project object */;
}
